PODS:
  - Capacitor (7.4.2):
    - CapacitorCordova
  - CapacitorApp (7.0.0):
    - Capacitor
  - CapacitorBarcodeScanner (2.0.4):
    - Capacitor
    - OSBarcodeLib (~> 1.1.3)
  - CapacitorBrowser (7.0.2):
    - Capacitor
  - CapacitorCordova (7.4.2)
  - CapacitorGeolocation (7.1.1):
    - Capacitor
    - IONGeolocationLib (~> 1.0)
  - CapacitorGoogleMaps (7.1.1):
    - Capacitor
    - Google-Maps-iOS-Utils (~> 5.0)
    - GoogleMaps (~> 8.4)
  - CapacitorHaptics (7.0.0):
    - Capacitor
  - CapacitorKeyboard (7.0.2):
    - Capacitor
  - CapacitorPreferences (7.0.0):
    - Capacitor
  - CapacitorStatusBar (7.0.0):
    - Capacitor
  - Google-Maps-iOS-Utils (5.0.0):
    - GoogleMaps (~> 8.0)
  - GoogleMaps (8.4.0):
    - GoogleMaps/Maps (= 8.4.0)
  - GoogleMaps/Base (8.4.0)
  - GoogleMaps/Maps (8.4.0):
    - GoogleMaps/Base
  - IONGeolocationLib (1.0.1)
  - OSBarcodeLib (1.1.3)
  - PurchasesHybridCommon (16.2.0):
    - RevenueCat (= 5.34.0)
  - RevenueCat (5.34.0)
  - RevenuecatPurchasesCapacitor (11.1.1):
    - Capacitor
    - PurchasesHybridCommon (= 16.2.0)

DEPENDENCIES:
  - "Capacitor (from `../../node_modules/@capacitor/ios`)"
  - "CapacitorApp (from `../../node_modules/@capacitor/app`)"
  - "CapacitorBarcodeScanner (from `../../node_modules/@capacitor/barcode-scanner`)"
  - "CapacitorBrowser (from `../../node_modules/@capacitor/browser`)"
  - "CapacitorCordova (from `../../node_modules/@capacitor/ios`)"
  - "CapacitorGeolocation (from `../../node_modules/@capacitor/geolocation`)"
  - "CapacitorGoogleMaps (from `../../node_modules/@capacitor/google-maps`)"
  - "CapacitorHaptics (from `../../node_modules/@capacitor/haptics`)"
  - "CapacitorKeyboard (from `../../node_modules/@capacitor/keyboard`)"
  - "CapacitorPreferences (from `../../node_modules/@capacitor/preferences`)"
  - "CapacitorStatusBar (from `../../node_modules/@capacitor/status-bar`)"
  - RevenueCat (~> 5.0)
  - "RevenuecatPurchasesCapacitor (from `../../node_modules/@revenuecat/purchases-capacitor`)"

SPEC REPOS:
  trunk:
    - Google-Maps-iOS-Utils
    - GoogleMaps
    - IONGeolocationLib
    - OSBarcodeLib
    - PurchasesHybridCommon
    - RevenueCat

EXTERNAL SOURCES:
  Capacitor:
    :path: "../../node_modules/@capacitor/ios"
  CapacitorApp:
    :path: "../../node_modules/@capacitor/app"
  CapacitorBarcodeScanner:
    :path: "../../node_modules/@capacitor/barcode-scanner"
  CapacitorBrowser:
    :path: "../../node_modules/@capacitor/browser"
  CapacitorCordova:
    :path: "../../node_modules/@capacitor/ios"
  CapacitorGeolocation:
    :path: "../../node_modules/@capacitor/geolocation"
  CapacitorGoogleMaps:
    :path: "../../node_modules/@capacitor/google-maps"
  CapacitorHaptics:
    :path: "../../node_modules/@capacitor/haptics"
  CapacitorKeyboard:
    :path: "../../node_modules/@capacitor/keyboard"
  CapacitorPreferences:
    :path: "../../node_modules/@capacitor/preferences"
  CapacitorStatusBar:
    :path: "../../node_modules/@capacitor/status-bar"
  RevenuecatPurchasesCapacitor:
    :path: "../../node_modules/@revenuecat/purchases-capacitor"

SPEC CHECKSUMS:
  Capacitor: 156d98aba46ec01dde72c4bbb92fa626837cad29
  CapacitorApp: 45cb7cbef4aa380b9236fd6980033eb5cde6fcd2
  CapacitorBarcodeScanner: d3dfe41622e0f2e4b681ba2fcb538315a5e59d86
  CapacitorBrowser: 45c681e7abc3b4384e54eb52bafeef1347d98fa8
  CapacitorCordova: 5e58d04631bc5094894ac106e2bf1da18a9e6151
  CapacitorGeolocation: 8f8ac02ceaeb203a4762f8dc4ff5119e3f7fa50a
  CapacitorGoogleMaps: 045b113f23e3d3f8a871a86ffef7540bab0d17b1
  CapacitorHaptics: 1fba3e460e7614349c6d5f868b1fccdc5c87b66d
  CapacitorKeyboard: 056bbe3711830ccb782f1705a8ad183b27b6c51e
  CapacitorPreferences: e24a50a936f0e4f54a6b43be6121f923b4d91c27
  CapacitorStatusBar: 438e90beeeefa8276b24e6c5991cb02dd13e51bf
  Google-Maps-iOS-Utils: 66d6de12be1ce6d3742a54661e7a79cb317a9321
  GoogleMaps: 8939898920281c649150e0af74aa291c60f2e77d
  IONGeolocationLib: 20f9d0248a0b5264511fb57a37e25dd2badf797a
  OSBarcodeLib: f2e981270a64faf476cb790864262b29ab8cd68a
  PurchasesHybridCommon: 55e97b4e090015ed138988e6559def2bd4c50ebe
  RevenueCat: eb2aa042789d9c99ad5172bd96e28b96286d6ada
  RevenuecatPurchasesCapacitor: f3f6a8a814da109a183a941097eb0b94307a8521

PODFILE CHECKSUM: 7733da6ad815dcc48c5f2078c074b5aa8a2271ad

COCOAPODS: 1.16.2
